
Microsoft Visual Studio Solution File, Format Version 12.00
# Visual Studio Version 16
VisualStudioVersion = 16.0.30621.155
MinimumVisualStudioVersion = 10.0.40219.1
Project("{9A19103F-16F7-4668-BE54-9A1E7A4F7556}") = "BookStore.Domain", "BookStore.Domain\BookStore.Domain.csproj", "{845519E5-B7EC-4F4E-8714-160C6FF402BA}"
EndProject
Project("{9A19103F-16F7-4668-BE54-9A1E7A4F7556}") = "BookStore.Data", "BookStore.Data\BookStore.Data.csproj", "{51B51BB8-A9B1-430B-A898-5252DF7D114D}"
EndProject
Project("{9A19103F-16F7-4668-BE54-9A1E7A4F7556}") = "BookStore.API", "BookStore.API\BookStore.API.csproj", "{0A739F0D-6D68-4111-A96B-1BC27FC191D2}"
EndProject
Project("{9A19103F-16F7-4668-BE54-9A1E7A4F7556}") = "BookStore.Business", "BookStore.Business\BookStore.Business.csproj", "{415880EF-BC01-4849-A020-4ABD6EDB31B7}"
EndProject
Project("{2150E333-8FDC-42A3-9474-1A3956D46DE8}") = "Solution Items", "Solution Items", "{3476E403-6C76-487E-A1E2-8500D6F854A5}"
	ProjectSection(SolutionItems) = preProject
		.editorconfig = .editorconfig
		Settings.StyleCop = Settings.StyleCop
	EndProjectSection
EndProject
Project("{FAE04EC0-301F-11D3-BF4B-00C04F79EFBC}") = "BookStore.Business.Tests", "BookStore.Business.Tests\BookStore.Business.Tests.csproj", "{AAFBA870-DE3E-42F2-B766-2F354B962E9C}"
EndProject
Global
	GlobalSection(SolutionConfigurationPlatforms) = preSolution
		Debug|Any CPU = Debug|Any CPU
		Release|Any CPU = Release|Any CPU
	EndGlobalSection
	GlobalSection(ProjectConfigurationPlatforms) = postSolution
		{845519E5-B7EC-4F4E-8714-160C6FF402BA}.Debug|Any CPU.ActiveCfg = Debug|Any CPU
		{845519E5-B7EC-4F4E-8714-160C6FF402BA}.Debug|Any CPU.Build.0 = Debug|Any CPU
		{845519E5-B7EC-4F4E-8714-160C6FF402BA}.Release|Any CPU.ActiveCfg = Release|Any CPU
		{845519E5-B7EC-4F4E-8714-160C6FF402BA}.Release|Any CPU.Build.0 = Release|Any CPU
		{51B51BB8-A9B1-430B-A898-5252DF7D114D}.Debug|Any CPU.ActiveCfg = Debug|Any CPU
		{51B51BB8-A9B1-430B-A898-5252DF7D114D}.Debug|Any CPU.Build.0 = Debug|Any CPU
		{51B51BB8-A9B1-430B-A898-5252DF7D114D}.Release|Any CPU.ActiveCfg = Release|Any CPU
		{51B51BB8-A9B1-430B-A898-5252DF7D114D}.Release|Any CPU.Build.0 = Release|Any CPU
		{0A739F0D-6D68-4111-A96B-1BC27FC191D2}.Debug|Any CPU.ActiveCfg = Debug|Any CPU
		{0A739F0D-6D68-4111-A96B-1BC27FC191D2}.Debug|Any CPU.Build.0 = Debug|Any CPU
		{0A739F0D-6D68-4111-A96B-1BC27FC191D2}.Release|Any CPU.ActiveCfg = Release|Any CPU
		{0A739F0D-6D68-4111-A96B-1BC27FC191D2}.Release|Any CPU.Build.0 = Release|Any CPU
		{415880EF-BC01-4849-A020-4ABD6EDB31B7}.Debug|Any CPU.ActiveCfg = Debug|Any CPU
		{415880EF-BC01-4849-A020-4ABD6EDB31B7}.Debug|Any CPU.Build.0 = Debug|Any CPU
		{415880EF-BC01-4849-A020-4ABD6EDB31B7}.Release|Any CPU.ActiveCfg = Release|Any CPU
		{415880EF-BC01-4849-A020-4ABD6EDB31B7}.Release|Any CPU.Build.0 = Release|Any CPU
		{AAFBA870-DE3E-42F2-B766-2F354B962E9C}.Debug|Any CPU.ActiveCfg = Debug|Any CPU
		{AAFBA870-DE3E-42F2-B766-2F354B962E9C}.Debug|Any CPU.Build.0 = Debug|Any CPU
		{AAFBA870-DE3E-42F2-B766-2F354B962E9C}.Release|Any CPU.ActiveCfg = Release|Any CPU
		{AAFBA870-DE3E-42F2-B766-2F354B962E9C}.Release|Any CPU.Build.0 = Release|Any CPU
	EndGlobalSection
	GlobalSection(SolutionProperties) = preSolution
		HideSolutionNode = FALSE
	EndGlobalSection
	GlobalSection(ExtensibilityGlobals) = postSolution
		SolutionGuid = {6DC46880-6776-4B00-BA5E-5661637394E0}
	EndGlobalSection
EndGlobal
